
Microsoft Visual Studio Solution File, Format Version 12.00
# Visual Studio 2012
Project("{FAE04EC0-301F-11D3-BF4B-00C04F79EFBC}") = "XamarinByExample.MonkeysCatalogue", "XamarinByExample.MonkeysCatalogue\XamarinByExample.MonkeysCatalogue.csproj", "{EA18E03D-33D8-4078-97DE-2490451F77D7}"
EndProject
Project("{FAE04EC0-301F-11D3-BF4B-00C04F79EFBC}") = "XamarinByExample.MonkeysCatalogue.iOS", "iOS\XamarinByExample.MonkeysCatalogue.iOS.csproj", "{974B7DCA-98F0-4A5A-99AD-DB0E07FE5AD1}"
EndProject
Project("{FAE04EC0-301F-11D3-BF4B-00C04F79EFBC}") = "XamarinByExample.MonkeysCatalogue.Droid", "Droid\XamarinByExample.MonkeysCatalogue.Droid.csproj", "{624B4A0B-05EC-436A-BF26-C7A469F461CF}"
EndProject
Global
	GlobalSection(SolutionConfigurationPlatforms) = preSolution
		Debug|Any CPU = Debug|Any CPU
		Release|Any CPU = Release|Any CPU
		Debug|iPhoneSimulator = Debug|iPhoneSimulator
		Release|iPhoneSimulator = Release|iPhoneSimulator
		Debug|iPhone = Debug|iPhone
		Release|iPhone = Release|iPhone
		Ad-Hoc|iPhone = Ad-Hoc|iPhone
		AppStore|iPhone = AppStore|iPhone
	EndGlobalSection
	GlobalSection(ProjectConfigurationPlatforms) = postSolution
		{624B4A0B-05EC-436A-BF26-C7A469F461CF}.Ad-Hoc|iPhone.ActiveCfg = Release|Any CPU
		{624B4A0B-05EC-436A-BF26-C7A469F461CF}.Ad-Hoc|iPhone.Build.0 = Release|Any CPU
		{624B4A0B-05EC-436A-BF26-C7A469F461CF}.AppStore|iPhone.ActiveCfg = Release|Any CPU
		{624B4A0B-05EC-436A-BF26-C7A469F461CF}.AppStore|iPhone.Build.0 = Release|Any CPU
		{624B4A0B-05EC-436A-BF26-C7A469F461CF}.Debug|Any CPU.ActiveCfg = Debug|Any CPU
		{624B4A0B-05EC-436A-BF26-C7A469F461CF}.Debug|Any CPU.Build.0 = Debug|Any CPU
		{624B4A0B-05EC-436A-BF26-C7A469F461CF}.Debug|iPhone.ActiveCfg = Debug|Any CPU
		{624B4A0B-05EC-436A-BF26-C7A469F461CF}.Debug|iPhone.Build.0 = Debug|Any CPU
		{624B4A0B-05EC-436A-BF26-C7A469F461CF}.Debug|iPhoneSimulator.ActiveCfg = Debug|Any CPU
		{624B4A0B-05EC-436A-BF26-C7A469F461CF}.Debug|iPhoneSimulator.Build.0 = Debug|Any CPU
		{624B4A0B-05EC-436A-BF26-C7A469F461CF}.Release|Any CPU.ActiveCfg = Release|Any CPU
		{624B4A0B-05EC-436A-BF26-C7A469F461CF}.Release|Any CPU.Build.0 = Release|Any CPU
		{624B4A0B-05EC-436A-BF26-C7A469F461CF}.Release|iPhone.ActiveCfg = Release|Any CPU
		{624B4A0B-05EC-436A-BF26-C7A469F461CF}.Release|iPhone.Build.0 = Release|Any CPU
		{624B4A0B-05EC-436A-BF26-C7A469F461CF}.Release|iPhoneSimulator.ActiveCfg = Release|Any CPU
		{624B4A0B-05EC-436A-BF26-C7A469F461CF}.Release|iPhoneSimulator.Build.0 = Release|Any CPU
		{974B7DCA-98F0-4A5A-99AD-DB0E07FE5AD1}.Ad-Hoc|iPhone.ActiveCfg = Ad-Hoc|iPhone
		{974B7DCA-98F0-4A5A-99AD-DB0E07FE5AD1}.Ad-Hoc|iPhone.Build.0 = Ad-Hoc|iPhone
		{974B7DCA-98F0-4A5A-99AD-DB0E07FE5AD1}.AppStore|iPhone.ActiveCfg = AppStore|iPhone
		{974B7DCA-98F0-4A5A-99AD-DB0E07FE5AD1}.AppStore|iPhone.Build.0 = AppStore|iPhone
		{974B7DCA-98F0-4A5A-99AD-DB0E07FE5AD1}.Debug|Any CPU.ActiveCfg = Debug|iPhoneSimulator
		{974B7DCA-98F0-4A5A-99AD-DB0E07FE5AD1}.Debug|Any CPU.Build.0 = Debug|iPhoneSimulator
		{974B7DCA-98F0-4A5A-99AD-DB0E07FE5AD1}.Debug|iPhone.ActiveCfg = Debug|iPhone
		{974B7DCA-98F0-4A5A-99AD-DB0E07FE5AD1}.Debug|iPhone.Build.0 = Debug|iPhone
		{974B7DCA-98F0-4A5A-99AD-DB0E07FE5AD1}.Debug|iPhoneSimulator.ActiveCfg = Debug|iPhoneSimulator
		{974B7DCA-98F0-4A5A-99AD-DB0E07FE5AD1}.Debug|iPhoneSimulator.Build.0 = Debug|iPhoneSimulator
		{974B7DCA-98F0-4A5A-99AD-DB0E07FE5AD1}.Release|Any CPU.ActiveCfg = Release|iPhoneSimulator
		{974B7DCA-98F0-4A5A-99AD-DB0E07FE5AD1}.Release|Any CPU.Build.0 = Release|iPhoneSimulator
		{974B7DCA-98F0-4A5A-99AD-DB0E07FE5AD1}.Release|iPhone.ActiveCfg = Release|iPhone
		{974B7DCA-98F0-4A5A-99AD-DB0E07FE5AD1}.Release|iPhone.Build.0 = Release|iPhone
		{974B7DCA-98F0-4A5A-99AD-DB0E07FE5AD1}.Release|iPhoneSimulator.ActiveCfg = Release|iPhoneSimulator
		{974B7DCA-98F0-4A5A-99AD-DB0E07FE5AD1}.Release|iPhoneSimulator.Build.0 = Release|iPhoneSimulator
		{EA18E03D-33D8-4078-97DE-2490451F77D7}.Ad-Hoc|iPhone.ActiveCfg = Debug|Any CPU
		{EA18E03D-33D8-4078-97DE-2490451F77D7}.Ad-Hoc|iPhone.Build.0 = Debug|Any CPU
		{EA18E03D-33D8-4078-97DE-2490451F77D7}.AppStore|iPhone.ActiveCfg = Debug|Any CPU
		{EA18E03D-33D8-4078-97DE-2490451F77D7}.AppStore|iPhone.Build.0 = Debug|Any CPU
		{EA18E03D-33D8-4078-97DE-2490451F77D7}.Debug|Any CPU.ActiveCfg = Debug|Any CPU
		{EA18E03D-33D8-4078-97DE-2490451F77D7}.Debug|Any CPU.Build.0 = Debug|Any CPU
		{EA18E03D-33D8-4078-97DE-2490451F77D7}.Debug|iPhone.ActiveCfg = Debug|Any CPU
		{EA18E03D-33D8-4078-97DE-2490451F77D7}.Debug|iPhone.Build.0 = Debug|Any CPU
		{EA18E03D-33D8-4078-97DE-2490451F77D7}.Debug|iPhoneSimulator.ActiveCfg = Debug|Any CPU
		{EA18E03D-33D8-4078-97DE-2490451F77D7}.Debug|iPhoneSimulator.Build.0 = Debug|Any CPU
		{EA18E03D-33D8-4078-97DE-2490451F77D7}.Release|Any CPU.ActiveCfg = Release|Any CPU
		{EA18E03D-33D8-4078-97DE-2490451F77D7}.Release|Any CPU.Build.0 = Release|Any CPU
		{EA18E03D-33D8-4078-97DE-2490451F77D7}.Release|iPhone.ActiveCfg = Release|Any CPU
		{EA18E03D-33D8-4078-97DE-2490451F77D7}.Release|iPhone.Build.0 = Release|Any CPU
		{EA18E03D-33D8-4078-97DE-2490451F77D7}.Release|iPhoneSimulator.ActiveCfg = Release|Any CPU
		{EA18E03D-33D8-4078-97DE-2490451F77D7}.Release|iPhoneSimulator.Build.0 = Release|Any CPU
	EndGlobalSection
EndGlobal
