
Microsoft Visual Studio Solution File, Format Version 12.00
# Visual Studio 14
VisualStudioVersion = 14.0.25123.0
MinimumVisualStudioVersion = 10.0.40219.1
Project("{FAE04EC0-301F-11D3-BF4B-00C04F79EFBC}") = "PeopleAroundMe.Droid", "PeopleAroundMe\PeopleAroundMe.Droid\PeopleAroundMe.Droid.csproj", "{8F999020-391F-4162-86EE-74134469BBA6}"
EndProject
Project("{FAE04EC0-301F-11D3-BF4B-00C04F79EFBC}") = "PeopleAroundMe.iOS", "PeopleAroundMe\PeopleAroundMe.iOS\PeopleAroundMe.iOS.csproj", "{8B1EFA3B-AA31-4B75-BDFE-8BE6ED8F9AAE}"
EndProject
Project("{FAE04EC0-301F-11D3-BF4B-00C04F79EFBC}") = "PeopleAroundMe.UWP", "PeopleAroundMe\PeopleAroundMe.UWP\PeopleAroundMe.UWP.csproj", "{B959ED19-8D1D-490D-ABF3-71905C6AB192}"
EndProject
Project("{FAE04EC0-301F-11D3-BF4B-00C04F79EFBC}") = "PeopleAroundMe", "PeopleAroundMe\PeopleAroundMe\PeopleAroundMe.csproj", "{F9D4E150-2C84-4A26-814D-629A232FBC70}"
EndProject
Project("{FAE04EC0-301F-11D3-BF4B-00C04F79EFBC}") = "PeopleAroundMe.Service", "PeopleAroundMe.Service\PeopleAroundMe.Service.csproj", "{8BBE9F70-E410-4267-BDF8-38BCA6FA8702}"
EndProject
Global
	GlobalSection(SolutionConfigurationPlatforms) = preSolution
		Ad-Hoc|Any CPU = Ad-Hoc|Any CPU
		Ad-Hoc|ARM = Ad-Hoc|ARM
		Ad-Hoc|iPhone = Ad-Hoc|iPhone
		Ad-Hoc|iPhoneSimulator = Ad-Hoc|iPhoneSimulator
		Ad-Hoc|x64 = Ad-Hoc|x64
		Ad-Hoc|x86 = Ad-Hoc|x86
		AppStore|Any CPU = AppStore|Any CPU
		AppStore|ARM = AppStore|ARM
		AppStore|iPhone = AppStore|iPhone
		AppStore|iPhoneSimulator = AppStore|iPhoneSimulator
		AppStore|x64 = AppStore|x64
		AppStore|x86 = AppStore|x86
		Debug|Any CPU = Debug|Any CPU
		Debug|ARM = Debug|ARM
		Debug|iPhone = Debug|iPhone
		Debug|iPhoneSimulator = Debug|iPhoneSimulator
		Debug|x64 = Debug|x64
		Debug|x86 = Debug|x86
		Release|Any CPU = Release|Any CPU
		Release|ARM = Release|ARM
		Release|iPhone = Release|iPhone
		Release|iPhoneSimulator = Release|iPhoneSimulator
		Release|x64 = Release|x64
		Release|x86 = Release|x86
	EndGlobalSection
	GlobalSection(ProjectConfigurationPlatforms) = postSolution
		{8F999020-391F-4162-86EE-74134469BBA6}.Ad-Hoc|Any CPU.ActiveCfg = Release|Any CPU
		{8F999020-391F-4162-86EE-74134469BBA6}.Ad-Hoc|Any CPU.Build.0 = Release|Any CPU
		{8F999020-391F-4162-86EE-74134469BBA6}.Ad-Hoc|Any CPU.Deploy.0 = Release|Any CPU
		{8F999020-391F-4162-86EE-74134469BBA6}.Ad-Hoc|ARM.ActiveCfg = Release|Any CPU
		{8F999020-391F-4162-86EE-74134469BBA6}.Ad-Hoc|ARM.Build.0 = Release|Any CPU
		{8F999020-391F-4162-86EE-74134469BBA6}.Ad-Hoc|ARM.Deploy.0 = Release|Any CPU
		{8F999020-391F-4162-86EE-74134469BBA6}.Ad-Hoc|iPhone.ActiveCfg = Release|Any CPU
		{8F999020-391F-4162-86EE-74134469BBA6}.Ad-Hoc|iPhone.Build.0 = Release|Any CPU
		{8F999020-391F-4162-86EE-74134469BBA6}.Ad-Hoc|iPhone.Deploy.0 = Release|Any CPU
		{8F999020-391F-4162-86EE-74134469BBA6}.Ad-Hoc|iPhoneSimulator.ActiveCfg = Release|Any CPU
		{8F999020-391F-4162-86EE-74134469BBA6}.Ad-Hoc|iPhoneSimulator.Build.0 = Release|Any CPU
		{8F999020-391F-4162-86EE-74134469BBA6}.Ad-Hoc|iPhoneSimulator.Deploy.0 = Release|Any CPU
		{8F999020-391F-4162-86EE-74134469BBA6}.Ad-Hoc|x64.ActiveCfg = Release|Any CPU
		{8F999020-391F-4162-86EE-74134469BBA6}.Ad-Hoc|x64.Build.0 = Release|Any CPU
		{8F999020-391F-4162-86EE-74134469BBA6}.Ad-Hoc|x64.Deploy.0 = Release|Any CPU
		{8F999020-391F-4162-86EE-74134469BBA6}.Ad-Hoc|x86.ActiveCfg = Release|Any CPU
		{8F999020-391F-4162-86EE-74134469BBA6}.Ad-Hoc|x86.Build.0 = Release|Any CPU
		{8F999020-391F-4162-86EE-74134469BBA6}.Ad-Hoc|x86.Deploy.0 = Release|Any CPU
		{8F999020-391F-4162-86EE-74134469BBA6}.AppStore|Any CPU.ActiveCfg = Release|Any CPU
		{8F999020-391F-4162-86EE-74134469BBA6}.AppStore|Any CPU.Build.0 = Release|Any CPU
		{8F999020-391F-4162-86EE-74134469BBA6}.AppStore|Any CPU.Deploy.0 = Release|Any CPU
		{8F999020-391F-4162-86EE-74134469BBA6}.AppStore|ARM.ActiveCfg = Release|Any CPU
		{8F999020-391F-4162-86EE-74134469BBA6}.AppStore|ARM.Build.0 = Release|Any CPU
		{8F999020-391F-4162-86EE-74134469BBA6}.AppStore|ARM.Deploy.0 = Release|Any CPU
		{8F999020-391F-4162-86EE-74134469BBA6}.AppStore|iPhone.ActiveCfg = Release|Any CPU
		{8F999020-391F-4162-86EE-74134469BBA6}.AppStore|iPhone.Build.0 = Release|Any CPU
		{8F999020-391F-4162-86EE-74134469BBA6}.AppStore|iPhone.Deploy.0 = Release|Any CPU
		{8F999020-391F-4162-86EE-74134469BBA6}.AppStore|iPhoneSimulator.ActiveCfg = Release|Any CPU
		{8F999020-391F-4162-86EE-74134469BBA6}.AppStore|iPhoneSimulator.Build.0 = Release|Any CPU
		{8F999020-391F-4162-86EE-74134469BBA6}.AppStore|iPhoneSimulator.Deploy.0 = Release|Any CPU
		{8F999020-391F-4162-86EE-74134469BBA6}.AppStore|x64.ActiveCfg = Release|Any CPU
		{8F999020-391F-4162-86EE-74134469BBA6}.AppStore|x64.Build.0 = Release|Any CPU
		{8F999020-391F-4162-86EE-74134469BBA6}.AppStore|x64.Deploy.0 = Release|Any CPU
		{8F999020-391F-4162-86EE-74134469BBA6}.AppStore|x86.ActiveCfg = Release|Any CPU
		{8F999020-391F-4162-86EE-74134469BBA6}.AppStore|x86.Build.0 = Release|Any CPU
		{8F999020-391F-4162-86EE-74134469BBA6}.AppStore|x86.Deploy.0 = Release|Any CPU
		{8F999020-391F-4162-86EE-74134469BBA6}.Debug|Any CPU.ActiveCfg = Debug|Any CPU
		{8F999020-391F-4162-86EE-74134469BBA6}.Debug|Any CPU.Build.0 = Debug|Any CPU
		{8F999020-391F-4162-86EE-74134469BBA6}.Debug|Any CPU.Deploy.0 = Debug|Any CPU
		{8F999020-391F-4162-86EE-74134469BBA6}.Debug|ARM.ActiveCfg = Debug|Any CPU
		{8F999020-391F-4162-86EE-74134469BBA6}.Debug|ARM.Build.0 = Debug|Any CPU
		{8F999020-391F-4162-86EE-74134469BBA6}.Debug|ARM.Deploy.0 = Debug|Any CPU
		{8F999020-391F-4162-86EE-74134469BBA6}.Debug|iPhone.ActiveCfg = Debug|Any CPU
		{8F999020-391F-4162-86EE-74134469BBA6}.Debug|iPhone.Build.0 = Debug|Any CPU
		{8F999020-391F-4162-86EE-74134469BBA6}.Debug|iPhone.Deploy.0 = Debug|Any CPU
		{8F999020-391F-4162-86EE-74134469BBA6}.Debug|iPhoneSimulator.ActiveCfg = Debug|Any CPU
		{8F999020-391F-4162-86EE-74134469BBA6}.Debug|iPhoneSimulator.Build.0 = Debug|Any CPU
		{8F999020-391F-4162-86EE-74134469BBA6}.Debug|iPhoneSimulator.Deploy.0 = Debug|Any CPU
		{8F999020-391F-4162-86EE-74134469BBA6}.Debug|x64.ActiveCfg = Debug|Any CPU
		{8F999020-391F-4162-86EE-74134469BBA6}.Debug|x64.Build.0 = Debug|Any CPU
		{8F999020-391F-4162-86EE-74134469BBA6}.Debug|x64.Deploy.0 = Debug|Any CPU
		{8F999020-391F-4162-86EE-74134469BBA6}.Debug|x86.ActiveCfg = Debug|Any CPU
		{8F999020-391F-4162-86EE-74134469BBA6}.Debug|x86.Build.0 = Debug|Any CPU
		{8F999020-391F-4162-86EE-74134469BBA6}.Debug|x86.Deploy.0 = Debug|Any CPU
		{8F999020-391F-4162-86EE-74134469BBA6}.Release|Any CPU.ActiveCfg = Release|Any CPU
		{8F999020-391F-4162-86EE-74134469BBA6}.Release|Any CPU.Build.0 = Release|Any CPU
		{8F999020-391F-4162-86EE-74134469BBA6}.Release|Any CPU.Deploy.0 = Release|Any CPU
		{8F999020-391F-4162-86EE-74134469BBA6}.Release|ARM.ActiveCfg = Release|Any CPU
		{8F999020-391F-4162-86EE-74134469BBA6}.Release|ARM.Build.0 = Release|Any CPU
		{8F999020-391F-4162-86EE-74134469BBA6}.Release|ARM.Deploy.0 = Release|Any CPU
		{8F999020-391F-4162-86EE-74134469BBA6}.Release|iPhone.ActiveCfg = Release|Any CPU
		{8F999020-391F-4162-86EE-74134469BBA6}.Release|iPhone.Build.0 = Release|Any CPU
		{8F999020-391F-4162-86EE-74134469BBA6}.Release|iPhone.Deploy.0 = Release|Any CPU
		{8F999020-391F-4162-86EE-74134469BBA6}.Release|iPhoneSimulator.ActiveCfg = Release|Any CPU
		{8F999020-391F-4162-86EE-74134469BBA6}.Release|iPhoneSimulator.Build.0 = Release|Any CPU
		{8F999020-391F-4162-86EE-74134469BBA6}.Release|iPhoneSimulator.Deploy.0 = Release|Any CPU
		{8F999020-391F-4162-86EE-74134469BBA6}.Release|x64.ActiveCfg = Release|Any CPU
		{8F999020-391F-4162-86EE-74134469BBA6}.Release|x64.Build.0 = Release|Any CPU
		{8F999020-391F-4162-86EE-74134469BBA6}.Release|x64.Deploy.0 = Release|Any CPU
		{8F999020-391F-4162-86EE-74134469BBA6}.Release|x86.ActiveCfg = Release|Any CPU
		{8F999020-391F-4162-86EE-74134469BBA6}.Release|x86.Build.0 = Release|Any CPU
		{8F999020-391F-4162-86EE-74134469BBA6}.Release|x86.Deploy.0 = Release|Any CPU
		{8B1EFA3B-AA31-4B75-BDFE-8BE6ED8F9AAE}.Ad-Hoc|Any CPU.ActiveCfg = Ad-Hoc|iPhone
		{8B1EFA3B-AA31-4B75-BDFE-8BE6ED8F9AAE}.Ad-Hoc|ARM.ActiveCfg = Ad-Hoc|iPhone
		{8B1EFA3B-AA31-4B75-BDFE-8BE6ED8F9AAE}.Ad-Hoc|iPhone.ActiveCfg = Ad-Hoc|iPhone
		{8B1EFA3B-AA31-4B75-BDFE-8BE6ED8F9AAE}.Ad-Hoc|iPhone.Build.0 = Ad-Hoc|iPhone
		{8B1EFA3B-AA31-4B75-BDFE-8BE6ED8F9AAE}.Ad-Hoc|iPhoneSimulator.ActiveCfg = Ad-Hoc|iPhoneSimulator
		{8B1EFA3B-AA31-4B75-BDFE-8BE6ED8F9AAE}.Ad-Hoc|iPhoneSimulator.Build.0 = Ad-Hoc|iPhoneSimulator
		{8B1EFA3B-AA31-4B75-BDFE-8BE6ED8F9AAE}.Ad-Hoc|x64.ActiveCfg = Ad-Hoc|iPhone
		{8B1EFA3B-AA31-4B75-BDFE-8BE6ED8F9AAE}.Ad-Hoc|x86.ActiveCfg = Ad-Hoc|iPhone
		{8B1EFA3B-AA31-4B75-BDFE-8BE6ED8F9AAE}.AppStore|Any CPU.ActiveCfg = AppStore|iPhone
		{8B1EFA3B-AA31-4B75-BDFE-8BE6ED8F9AAE}.AppStore|ARM.ActiveCfg = AppStore|iPhone
		{8B1EFA3B-AA31-4B75-BDFE-8BE6ED8F9AAE}.AppStore|iPhone.ActiveCfg = AppStore|iPhone
		{8B1EFA3B-AA31-4B75-BDFE-8BE6ED8F9AAE}.AppStore|iPhone.Build.0 = AppStore|iPhone
		{8B1EFA3B-AA31-4B75-BDFE-8BE6ED8F9AAE}.AppStore|iPhoneSimulator.ActiveCfg = AppStore|iPhoneSimulator
		{8B1EFA3B-AA31-4B75-BDFE-8BE6ED8F9AAE}.AppStore|iPhoneSimulator.Build.0 = AppStore|iPhoneSimulator
		{8B1EFA3B-AA31-4B75-BDFE-8BE6ED8F9AAE}.AppStore|x64.ActiveCfg = AppStore|iPhone
		{8B1EFA3B-AA31-4B75-BDFE-8BE6ED8F9AAE}.AppStore|x86.ActiveCfg = AppStore|iPhone
		{8B1EFA3B-AA31-4B75-BDFE-8BE6ED8F9AAE}.Debug|Any CPU.ActiveCfg = Debug|iPhone
		{8B1EFA3B-AA31-4B75-BDFE-8BE6ED8F9AAE}.Debug|ARM.ActiveCfg = Debug|iPhone
		{8B1EFA3B-AA31-4B75-BDFE-8BE6ED8F9AAE}.Debug|iPhone.ActiveCfg = Debug|iPhone
		{8B1EFA3B-AA31-4B75-BDFE-8BE6ED8F9AAE}.Debug|iPhone.Build.0 = Debug|iPhone
		{8B1EFA3B-AA31-4B75-BDFE-8BE6ED8F9AAE}.Debug|iPhoneSimulator.ActiveCfg = Debug|iPhoneSimulator
		{8B1EFA3B-AA31-4B75-BDFE-8BE6ED8F9AAE}.Debug|iPhoneSimulator.Build.0 = Debug|iPhoneSimulator
		{8B1EFA3B-AA31-4B75-BDFE-8BE6ED8F9AAE}.Debug|x64.ActiveCfg = Debug|iPhone
		{8B1EFA3B-AA31-4B75-BDFE-8BE6ED8F9AAE}.Debug|x86.ActiveCfg = Debug|iPhone
		{8B1EFA3B-AA31-4B75-BDFE-8BE6ED8F9AAE}.Release|Any CPU.ActiveCfg = Release|iPhone
		{8B1EFA3B-AA31-4B75-BDFE-8BE6ED8F9AAE}.Release|ARM.ActiveCfg = Release|iPhone
		{8B1EFA3B-AA31-4B75-BDFE-8BE6ED8F9AAE}.Release|iPhone.ActiveCfg = Release|iPhone
		{8B1EFA3B-AA31-4B75-BDFE-8BE6ED8F9AAE}.Release|iPhone.Build.0 = Release|iPhone
		{8B1EFA3B-AA31-4B75-BDFE-8BE6ED8F9AAE}.Release|iPhoneSimulator.ActiveCfg = Release|iPhoneSimulator
		{8B1EFA3B-AA31-4B75-BDFE-8BE6ED8F9AAE}.Release|iPhoneSimulator.Build.0 = Release|iPhoneSimulator
		{8B1EFA3B-AA31-4B75-BDFE-8BE6ED8F9AAE}.Release|x64.ActiveCfg = Release|iPhone
		{8B1EFA3B-AA31-4B75-BDFE-8BE6ED8F9AAE}.Release|x86.ActiveCfg = Release|iPhone
		{B959ED19-8D1D-490D-ABF3-71905C6AB192}.Ad-Hoc|Any CPU.ActiveCfg = Release|x86
		{B959ED19-8D1D-490D-ABF3-71905C6AB192}.Ad-Hoc|Any CPU.Build.0 = Release|x86
		{B959ED19-8D1D-490D-ABF3-71905C6AB192}.Ad-Hoc|Any CPU.Deploy.0 = Release|x86
		{B959ED19-8D1D-490D-ABF3-71905C6AB192}.Ad-Hoc|ARM.ActiveCfg = Release|ARM
		{B959ED19-8D1D-490D-ABF3-71905C6AB192}.Ad-Hoc|ARM.Build.0 = Release|ARM
		{B959ED19-8D1D-490D-ABF3-71905C6AB192}.Ad-Hoc|ARM.Deploy.0 = Release|ARM
		{B959ED19-8D1D-490D-ABF3-71905C6AB192}.Ad-Hoc|iPhone.ActiveCfg = Release|x86
		{B959ED19-8D1D-490D-ABF3-71905C6AB192}.Ad-Hoc|iPhone.Build.0 = Release|x86
		{B959ED19-8D1D-490D-ABF3-71905C6AB192}.Ad-Hoc|iPhone.Deploy.0 = Release|x86
		{B959ED19-8D1D-490D-ABF3-71905C6AB192}.Ad-Hoc|iPhoneSimulator.ActiveCfg = Release|x86
		{B959ED19-8D1D-490D-ABF3-71905C6AB192}.Ad-Hoc|iPhoneSimulator.Build.0 = Release|x86
		{B959ED19-8D1D-490D-ABF3-71905C6AB192}.Ad-Hoc|iPhoneSimulator.Deploy.0 = Release|x86
		{B959ED19-8D1D-490D-ABF3-71905C6AB192}.Ad-Hoc|x64.ActiveCfg = Release|x64
		{B959ED19-8D1D-490D-ABF3-71905C6AB192}.Ad-Hoc|x64.Build.0 = Release|x64
		{B959ED19-8D1D-490D-ABF3-71905C6AB192}.Ad-Hoc|x64.Deploy.0 = Release|x64
		{B959ED19-8D1D-490D-ABF3-71905C6AB192}.Ad-Hoc|x86.ActiveCfg = Release|x86
		{B959ED19-8D1D-490D-ABF3-71905C6AB192}.Ad-Hoc|x86.Build.0 = Release|x86
		{B959ED19-8D1D-490D-ABF3-71905C6AB192}.Ad-Hoc|x86.Deploy.0 = Release|x86
		{B959ED19-8D1D-490D-ABF3-71905C6AB192}.AppStore|Any CPU.ActiveCfg = Release|x86
		{B959ED19-8D1D-490D-ABF3-71905C6AB192}.AppStore|Any CPU.Build.0 = Release|x86
		{B959ED19-8D1D-490D-ABF3-71905C6AB192}.AppStore|Any CPU.Deploy.0 = Release|x86
		{B959ED19-8D1D-490D-ABF3-71905C6AB192}.AppStore|ARM.ActiveCfg = Release|ARM
		{B959ED19-8D1D-490D-ABF3-71905C6AB192}.AppStore|ARM.Build.0 = Release|ARM
		{B959ED19-8D1D-490D-ABF3-71905C6AB192}.AppStore|ARM.Deploy.0 = Release|ARM
		{B959ED19-8D1D-490D-ABF3-71905C6AB192}.AppStore|iPhone.ActiveCfg = Release|x86
		{B959ED19-8D1D-490D-ABF3-71905C6AB192}.AppStore|iPhone.Build.0 = Release|x86
		{B959ED19-8D1D-490D-ABF3-71905C6AB192}.AppStore|iPhone.Deploy.0 = Release|x86
		{B959ED19-8D1D-490D-ABF3-71905C6AB192}.AppStore|iPhoneSimulator.ActiveCfg = Release|x86
		{B959ED19-8D1D-490D-ABF3-71905C6AB192}.AppStore|iPhoneSimulator.Build.0 = Release|x86
		{B959ED19-8D1D-490D-ABF3-71905C6AB192}.AppStore|iPhoneSimulator.Deploy.0 = Release|x86
		{B959ED19-8D1D-490D-ABF3-71905C6AB192}.AppStore|x64.ActiveCfg = Release|x64
		{B959ED19-8D1D-490D-ABF3-71905C6AB192}.AppStore|x64.Build.0 = Release|x64
		{B959ED19-8D1D-490D-ABF3-71905C6AB192}.AppStore|x64.Deploy.0 = Release|x64
		{B959ED19-8D1D-490D-ABF3-71905C6AB192}.AppStore|x86.ActiveCfg = Release|x86
		{B959ED19-8D1D-490D-ABF3-71905C6AB192}.AppStore|x86.Build.0 = Release|x86
		{B959ED19-8D1D-490D-ABF3-71905C6AB192}.AppStore|x86.Deploy.0 = Release|x86
		{B959ED19-8D1D-490D-ABF3-71905C6AB192}.Debug|Any CPU.ActiveCfg = Debug|x86
		{B959ED19-8D1D-490D-ABF3-71905C6AB192}.Debug|ARM.ActiveCfg = Debug|ARM
		{B959ED19-8D1D-490D-ABF3-71905C6AB192}.Debug|ARM.Build.0 = Debug|ARM
		{B959ED19-8D1D-490D-ABF3-71905C6AB192}.Debug|ARM.Deploy.0 = Debug|ARM
		{B959ED19-8D1D-490D-ABF3-71905C6AB192}.Debug|iPhone.ActiveCfg = Debug|x86
		{B959ED19-8D1D-490D-ABF3-71905C6AB192}.Debug|iPhoneSimulator.ActiveCfg = Debug|x86
		{B959ED19-8D1D-490D-ABF3-71905C6AB192}.Debug|x64.ActiveCfg = Debug|x64
		{B959ED19-8D1D-490D-ABF3-71905C6AB192}.Debug|x64.Build.0 = Debug|x64
		{B959ED19-8D1D-490D-ABF3-71905C6AB192}.Debug|x64.Deploy.0 = Debug|x64
		{B959ED19-8D1D-490D-ABF3-71905C6AB192}.Debug|x86.ActiveCfg = Debug|x86
		{B959ED19-8D1D-490D-ABF3-71905C6AB192}.Debug|x86.Build.0 = Debug|x86
		{B959ED19-8D1D-490D-ABF3-71905C6AB192}.Debug|x86.Deploy.0 = Debug|x86
		{B959ED19-8D1D-490D-ABF3-71905C6AB192}.Release|Any CPU.ActiveCfg = Release|x86
		{B959ED19-8D1D-490D-ABF3-71905C6AB192}.Release|ARM.ActiveCfg = Release|ARM
		{B959ED19-8D1D-490D-ABF3-71905C6AB192}.Release|ARM.Build.0 = Release|ARM
		{B959ED19-8D1D-490D-ABF3-71905C6AB192}.Release|ARM.Deploy.0 = Release|ARM
		{B959ED19-8D1D-490D-ABF3-71905C6AB192}.Release|iPhone.ActiveCfg = Release|x86
		{B959ED19-8D1D-490D-ABF3-71905C6AB192}.Release|iPhoneSimulator.ActiveCfg = Release|x86
		{B959ED19-8D1D-490D-ABF3-71905C6AB192}.Release|x64.ActiveCfg = Release|x64
		{B959ED19-8D1D-490D-ABF3-71905C6AB192}.Release|x64.Build.0 = Release|x64
		{B959ED19-8D1D-490D-ABF3-71905C6AB192}.Release|x64.Deploy.0 = Release|x64
		{B959ED19-8D1D-490D-ABF3-71905C6AB192}.Release|x86.ActiveCfg = Release|x86
		{B959ED19-8D1D-490D-ABF3-71905C6AB192}.Release|x86.Build.0 = Release|x86
		{B959ED19-8D1D-490D-ABF3-71905C6AB192}.Release|x86.Deploy.0 = Release|x86
		{F9D4E150-2C84-4A26-814D-629A232FBC70}.Ad-Hoc|Any CPU.ActiveCfg = Release|Any CPU
		{F9D4E150-2C84-4A26-814D-629A232FBC70}.Ad-Hoc|Any CPU.Build.0 = Release|Any CPU
		{F9D4E150-2C84-4A26-814D-629A232FBC70}.Ad-Hoc|ARM.ActiveCfg = Release|Any CPU
		{F9D4E150-2C84-4A26-814D-629A232FBC70}.Ad-Hoc|ARM.Build.0 = Release|Any CPU
		{F9D4E150-2C84-4A26-814D-629A232FBC70}.Ad-Hoc|iPhone.ActiveCfg = Release|Any CPU
		{F9D4E150-2C84-4A26-814D-629A232FBC70}.Ad-Hoc|iPhone.Build.0 = Release|Any CPU
		{F9D4E150-2C84-4A26-814D-629A232FBC70}.Ad-Hoc|iPhoneSimulator.ActiveCfg = Release|Any CPU
		{F9D4E150-2C84-4A26-814D-629A232FBC70}.Ad-Hoc|iPhoneSimulator.Build.0 = Release|Any CPU
		{F9D4E150-2C84-4A26-814D-629A232FBC70}.Ad-Hoc|x64.ActiveCfg = Release|Any CPU
		{F9D4E150-2C84-4A26-814D-629A232FBC70}.Ad-Hoc|x64.Build.0 = Release|Any CPU
		{F9D4E150-2C84-4A26-814D-629A232FBC70}.Ad-Hoc|x86.ActiveCfg = Release|Any CPU
		{F9D4E150-2C84-4A26-814D-629A232FBC70}.Ad-Hoc|x86.Build.0 = Release|Any CPU
		{F9D4E150-2C84-4A26-814D-629A232FBC70}.AppStore|Any CPU.ActiveCfg = Release|Any CPU
		{F9D4E150-2C84-4A26-814D-629A232FBC70}.AppStore|Any CPU.Build.0 = Release|Any CPU
		{F9D4E150-2C84-4A26-814D-629A232FBC70}.AppStore|ARM.ActiveCfg = Release|Any CPU
		{F9D4E150-2C84-4A26-814D-629A232FBC70}.AppStore|ARM.Build.0 = Release|Any CPU
		{F9D4E150-2C84-4A26-814D-629A232FBC70}.AppStore|iPhone.ActiveCfg = Release|Any CPU
		{F9D4E150-2C84-4A26-814D-629A232FBC70}.AppStore|iPhone.Build.0 = Release|Any CPU
		{F9D4E150-2C84-4A26-814D-629A232FBC70}.AppStore|iPhoneSimulator.ActiveCfg = Release|Any CPU
		{F9D4E150-2C84-4A26-814D-629A232FBC70}.AppStore|iPhoneSimulator.Build.0 = Release|Any CPU
		{F9D4E150-2C84-4A26-814D-629A232FBC70}.AppStore|x64.ActiveCfg = Release|Any CPU
		{F9D4E150-2C84-4A26-814D-629A232FBC70}.AppStore|x64.Build.0 = Release|Any CPU
		{F9D4E150-2C84-4A26-814D-629A232FBC70}.AppStore|x86.ActiveCfg = Release|Any CPU
		{F9D4E150-2C84-4A26-814D-629A232FBC70}.AppStore|x86.Build.0 = Release|Any CPU
		{F9D4E150-2C84-4A26-814D-629A232FBC70}.Debug|Any CPU.ActiveCfg = Debug|Any CPU
		{F9D4E150-2C84-4A26-814D-629A232FBC70}.Debug|Any CPU.Build.0 = Debug|Any CPU
		{F9D4E150-2C84-4A26-814D-629A232FBC70}.Debug|ARM.ActiveCfg = Debug|Any CPU
		{F9D4E150-2C84-4A26-814D-629A232FBC70}.Debug|ARM.Build.0 = Debug|Any CPU
		{F9D4E150-2C84-4A26-814D-629A232FBC70}.Debug|iPhone.ActiveCfg = Debug|Any CPU
		{F9D4E150-2C84-4A26-814D-629A232FBC70}.Debug|iPhone.Build.0 = Debug|Any CPU
		{F9D4E150-2C84-4A26-814D-629A232FBC70}.Debug|iPhoneSimulator.ActiveCfg = Debug|Any CPU
		{F9D4E150-2C84-4A26-814D-629A232FBC70}.Debug|iPhoneSimulator.Build.0 = Debug|Any CPU
		{F9D4E150-2C84-4A26-814D-629A232FBC70}.Debug|x64.ActiveCfg = Debug|Any CPU
		{F9D4E150-2C84-4A26-814D-629A232FBC70}.Debug|x64.Build.0 = Debug|Any CPU
		{F9D4E150-2C84-4A26-814D-629A232FBC70}.Debug|x86.ActiveCfg = Debug|Any CPU
		{F9D4E150-2C84-4A26-814D-629A232FBC70}.Debug|x86.Build.0 = Debug|Any CPU
		{F9D4E150-2C84-4A26-814D-629A232FBC70}.Release|Any CPU.ActiveCfg = Release|Any CPU
		{F9D4E150-2C84-4A26-814D-629A232FBC70}.Release|Any CPU.Build.0 = Release|Any CPU
		{F9D4E150-2C84-4A26-814D-629A232FBC70}.Release|ARM.ActiveCfg = Release|Any CPU
		{F9D4E150-2C84-4A26-814D-629A232FBC70}.Release|ARM.Build.0 = Release|Any CPU
		{F9D4E150-2C84-4A26-814D-629A232FBC70}.Release|iPhone.ActiveCfg = Release|Any CPU
		{F9D4E150-2C84-4A26-814D-629A232FBC70}.Release|iPhone.Build.0 = Release|Any CPU
		{F9D4E150-2C84-4A26-814D-629A232FBC70}.Release|iPhoneSimulator.ActiveCfg = Release|Any CPU
		{F9D4E150-2C84-4A26-814D-629A232FBC70}.Release|iPhoneSimulator.Build.0 = Release|Any CPU
		{F9D4E150-2C84-4A26-814D-629A232FBC70}.Release|x64.ActiveCfg = Release|Any CPU
		{F9D4E150-2C84-4A26-814D-629A232FBC70}.Release|x64.Build.0 = Release|Any CPU
		{F9D4E150-2C84-4A26-814D-629A232FBC70}.Release|x86.ActiveCfg = Release|Any CPU
		{F9D4E150-2C84-4A26-814D-629A232FBC70}.Release|x86.Build.0 = Release|Any CPU
		{8BBE9F70-E410-4267-BDF8-38BCA6FA8702}.Ad-Hoc|Any CPU.ActiveCfg = Release|Any CPU
		{8BBE9F70-E410-4267-BDF8-38BCA6FA8702}.Ad-Hoc|Any CPU.Build.0 = Release|Any CPU
		{8BBE9F70-E410-4267-BDF8-38BCA6FA8702}.Ad-Hoc|ARM.ActiveCfg = Release|Any CPU
		{8BBE9F70-E410-4267-BDF8-38BCA6FA8702}.Ad-Hoc|ARM.Build.0 = Release|Any CPU
		{8BBE9F70-E410-4267-BDF8-38BCA6FA8702}.Ad-Hoc|iPhone.ActiveCfg = Release|Any CPU
		{8BBE9F70-E410-4267-BDF8-38BCA6FA8702}.Ad-Hoc|iPhone.Build.0 = Release|Any CPU
		{8BBE9F70-E410-4267-BDF8-38BCA6FA8702}.Ad-Hoc|iPhoneSimulator.ActiveCfg = Release|Any CPU
		{8BBE9F70-E410-4267-BDF8-38BCA6FA8702}.Ad-Hoc|iPhoneSimulator.Build.0 = Release|Any CPU
		{8BBE9F70-E410-4267-BDF8-38BCA6FA8702}.Ad-Hoc|x64.ActiveCfg = Release|Any CPU
		{8BBE9F70-E410-4267-BDF8-38BCA6FA8702}.Ad-Hoc|x64.Build.0 = Release|Any CPU
		{8BBE9F70-E410-4267-BDF8-38BCA6FA8702}.Ad-Hoc|x86.ActiveCfg = Release|Any CPU
		{8BBE9F70-E410-4267-BDF8-38BCA6FA8702}.Ad-Hoc|x86.Build.0 = Release|Any CPU
		{8BBE9F70-E410-4267-BDF8-38BCA6FA8702}.AppStore|Any CPU.ActiveCfg = Release|Any CPU
		{8BBE9F70-E410-4267-BDF8-38BCA6FA8702}.AppStore|Any CPU.Build.0 = Release|Any CPU
		{8BBE9F70-E410-4267-BDF8-38BCA6FA8702}.AppStore|ARM.ActiveCfg = Release|Any CPU
		{8BBE9F70-E410-4267-BDF8-38BCA6FA8702}.AppStore|ARM.Build.0 = Release|Any CPU
		{8BBE9F70-E410-4267-BDF8-38BCA6FA8702}.AppStore|iPhone.ActiveCfg = Release|Any CPU
		{8BBE9F70-E410-4267-BDF8-38BCA6FA8702}.AppStore|iPhone.Build.0 = Release|Any CPU
		{8BBE9F70-E410-4267-BDF8-38BCA6FA8702}.AppStore|iPhoneSimulator.ActiveCfg = Release|Any CPU
		{8BBE9F70-E410-4267-BDF8-38BCA6FA8702}.AppStore|iPhoneSimulator.Build.0 = Release|Any CPU
		{8BBE9F70-E410-4267-BDF8-38BCA6FA8702}.AppStore|x64.ActiveCfg = Release|Any CPU
		{8BBE9F70-E410-4267-BDF8-38BCA6FA8702}.AppStore|x64.Build.0 = Release|Any CPU
		{8BBE9F70-E410-4267-BDF8-38BCA6FA8702}.AppStore|x86.ActiveCfg = Release|Any CPU
		{8BBE9F70-E410-4267-BDF8-38BCA6FA8702}.AppStore|x86.Build.0 = Release|Any CPU
		{8BBE9F70-E410-4267-BDF8-38BCA6FA8702}.Debug|Any CPU.ActiveCfg = Debug|Any CPU
		{8BBE9F70-E410-4267-BDF8-38BCA6FA8702}.Debug|Any CPU.Build.0 = Debug|Any CPU
		{8BBE9F70-E410-4267-BDF8-38BCA6FA8702}.Debug|ARM.ActiveCfg = Debug|Any CPU
		{8BBE9F70-E410-4267-BDF8-38BCA6FA8702}.Debug|ARM.Build.0 = Debug|Any CPU
		{8BBE9F70-E410-4267-BDF8-38BCA6FA8702}.Debug|iPhone.ActiveCfg = Debug|Any CPU
		{8BBE9F70-E410-4267-BDF8-38BCA6FA8702}.Debug|iPhone.Build.0 = Debug|Any CPU
		{8BBE9F70-E410-4267-BDF8-38BCA6FA8702}.Debug|iPhoneSimulator.ActiveCfg = Debug|Any CPU
		{8BBE9F70-E410-4267-BDF8-38BCA6FA8702}.Debug|iPhoneSimulator.Build.0 = Debug|Any CPU
		{8BBE9F70-E410-4267-BDF8-38BCA6FA8702}.Debug|x64.ActiveCfg = Debug|Any CPU
		{8BBE9F70-E410-4267-BDF8-38BCA6FA8702}.Debug|x64.Build.0 = Debug|Any CPU
		{8BBE9F70-E410-4267-BDF8-38BCA6FA8702}.Debug|x86.ActiveCfg = Debug|Any CPU
		{8BBE9F70-E410-4267-BDF8-38BCA6FA8702}.Debug|x86.Build.0 = Debug|Any CPU
		{8BBE9F70-E410-4267-BDF8-38BCA6FA8702}.Release|Any CPU.ActiveCfg = Release|Any CPU
		{8BBE9F70-E410-4267-BDF8-38BCA6FA8702}.Release|Any CPU.Build.0 = Release|Any CPU
		{8BBE9F70-E410-4267-BDF8-38BCA6FA8702}.Release|ARM.ActiveCfg = Release|Any CPU
		{8BBE9F70-E410-4267-BDF8-38BCA6FA8702}.Release|ARM.Build.0 = Release|Any CPU
		{8BBE9F70-E410-4267-BDF8-38BCA6FA8702}.Release|iPhone.ActiveCfg = Release|Any CPU
		{8BBE9F70-E410-4267-BDF8-38BCA6FA8702}.Release|iPhone.Build.0 = Release|Any CPU
		{8BBE9F70-E410-4267-BDF8-38BCA6FA8702}.Release|iPhoneSimulator.ActiveCfg = Release|Any CPU
		{8BBE9F70-E410-4267-BDF8-38BCA6FA8702}.Release|iPhoneSimulator.Build.0 = Release|Any CPU
		{8BBE9F70-E410-4267-BDF8-38BCA6FA8702}.Release|x64.ActiveCfg = Release|Any CPU
		{8BBE9F70-E410-4267-BDF8-38BCA6FA8702}.Release|x64.Build.0 = Release|Any CPU
		{8BBE9F70-E410-4267-BDF8-38BCA6FA8702}.Release|x86.ActiveCfg = Release|Any CPU
		{8BBE9F70-E410-4267-BDF8-38BCA6FA8702}.Release|x86.Build.0 = Release|Any CPU
	EndGlobalSection
	GlobalSection(SolutionProperties) = preSolution
		HideSolutionNode = FALSE
	EndGlobalSection
EndGlobal
